// !$*UTF8*$!
{
	archiveVersion = 1;
	classes = {
	};
	objectVersion = 55;
	objects = {

/* Begin PBXBuildFile section */
		0155F5BB28C95AB3008E13B0 /* PageModel.swift in Sources */ = {isa = PBXBuildFile; fileRef = 0155F5BA28C95AB3008E13B0 /* PageModel.swift */; };
		0155F5BD28C95B03008E13B0 /* PageData.swift in Sources */ = {isa = PBXBuildFile; fileRef = 0155F5BC28C95B03008E13B0 /* PageData.swift */; };
		01C5509928C705EC00FBC1AD /* Pinch_ZoomApp.swift in Sources */ = {isa = PBXBuildFile; fileRef = 01C5509828C705EC00FBC1AD /* Pinch_ZoomApp.swift */; };
		01C5509B28C705EC00FBC1AD /* ContentView.swift in Sources */ = {isa = PBXBuildFile; fileRef = 01C5509A28C705EC00FBC1AD /* ContentView.swift */; };
		01C5509D28C705EE00FBC1AD /* Assets.xcassets in Resources */ = {isa = PBXBuildFile; fileRef = 01C5509C28C705EE00FBC1AD /* Assets.xcassets */; };
		01C550A028C705EE00FBC1AD /* Preview Assets.xcassets in Resources */ = {isa = PBXBuildFile; fileRef = 01C5509F28C705EE00FBC1AD /* Preview Assets.xcassets */; };
		01C550AD28C71E8900FBC1AD /* InfoPanelView.swift in Sources */ = {isa = PBXBuildFile; fileRef = 01C550AC28C71E8900FBC1AD /* InfoPanelView.swift */; };
		01C550AF28C818A000FBC1AD /* ControlImageView.swift in Sources */ = {isa = PBXBuildFile; fileRef = 01C550AE28C818A000FBC1AD /* ControlImageView.swift */; };
/* End PBXBuildFile section */

/* Begin PBXFileReference section */
		0155F5BA28C95AB3008E13B0 /* PageModel.swift */ = {isa = PBXFileReference; lastKnownFileType = sourcecode.swift; path = PageModel.swift; sourceTree = "<group>"; };
		0155F5BC28C95B03008E13B0 /* PageData.swift */ = {isa = PBXFileReference; lastKnownFileType = sourcecode.swift; path = PageData.swift; sourceTree = "<group>"; };
		01C5509528C705EC00FBC1AD /* Pinch&Zoom.app */ = {isa = PBXFileReference; explicitFileType = wrapper.application; includeInIndex = 0; path = "Pinch&Zoom.app"; sourceTree = BUILT_PRODUCTS_DIR; };
		01C5509828C705EC00FBC1AD /* Pinch_ZoomApp.swift */ = {isa = PBXFileReference; lastKnownFileType = sourcecode.swift; path = Pinch_ZoomApp.swift; sourceTree = "<group>"; };
		01C5509A28C705EC00FBC1AD /* ContentView.swift */ = {isa = PBXFileReference; lastKnownFileType = sourcecode.swift; path = ContentView.swift; sourceTree = "<group>"; };
		01C5509C28C705EE00FBC1AD /* Assets.xcassets */ = {isa = PBXFileReference; lastKnownFileType = folder.assetcatalog; path = Assets.xcassets; sourceTree = "<group>"; };
		01C5509F28C705EE00FBC1AD /* Preview Assets.xcassets */ = {isa = PBXFileReference; lastKnownFileType = folder.assetcatalog; path = "Preview Assets.xcassets"; sourceTree = "<group>"; };
		01C550AC28C71E8900FBC1AD /* InfoPanelView.swift */ = {isa = PBXFileReference; lastKnownFileType = sourcecode.swift; path = InfoPanelView.swift; sourceTree = "<group>"; };
		01C550AE28C818A000FBC1AD /* ControlImageView.swift */ = {isa = PBXFileReference; lastKnownFileType = sourcecode.swift; path = ControlImageView.swift; sourceTree = "<group>"; };
/* End PBXFileReference section */

/* Begin PBXFrameworksBuildPhase section */
		01C5509228C705EC00FBC1AD /* Frameworks */ = {
			isa = PBXFrameworksBuildPhase;
			buildActionMask = 2147483647;
			files = (
			);
			runOnlyForDeploymentPostprocessing = 0;
		};
/* End PBXFrameworksBuildPhase section */

/* Begin PBXGroup section */
		01C5508C28C705EC00FBC1AD = {
			isa = PBXGroup;
			children = (
				01C5509728C705EC00FBC1AD /* Pinch&Zoom */,
				01C5509628C705EC00FBC1AD /* Products */,
			);
			sourceTree = "<group>";
		};
		01C5509628C705EC00FBC1AD /* Products */ = {
			isa = PBXGroup;
			children = (
				01C5509528C705EC00FBC1AD /* Pinch&Zoom.app */,
			);
			name = Products;
			sourceTree = "<group>";
		};
		01C5509728C705EC00FBC1AD /* Pinch&Zoom */ = {
			isa = PBXGroup;
			children = (
				01C550A928C708A600FBC1AD /* Data */,
				01C550A828C7089200FBC1AD /* Model */,
				01C5509828C705EC00FBC1AD /* Pinch_ZoomApp.swift */,
				01C550A728C7087000FBC1AD /* Views */,
				01C550A628C707C500FBC1AD /* Screen */,
				01C5509C28C705EE00FBC1AD /* Assets.xcassets */,
				01C5509E28C705EE00FBC1AD /* Preview Content */,
			);
			path = "Pinch&Zoom";
			sourceTree = "<group>";
		};
		01C5509E28C705EE00FBC1AD /* Preview Content */ = {
			isa = PBXGroup;
			children = (
				01C5509F28C705EE00FBC1AD /* Preview Assets.xcassets */,
			);
			path = "Preview Content";
			sourceTree = "<group>";
		};
		01C550A628C707C500FBC1AD /* Screen */ = {
			isa = PBXGroup;
			children = (
				01C5509A28C705EC00FBC1AD /* ContentView.swift */,
			);
			path = Screen;
			sourceTree = "<group>";
		};
		01C550A728C7087000FBC1AD /* Views */ = {
			isa = PBXGroup;
			children = (
				01C550AC28C71E8900FBC1AD /* InfoPanelView.swift */,
				01C550AE28C818A000FBC1AD /* ControlImageView.swift */,
			);
			path = Views;
			sourceTree = "<group>";
		};
		01C550A828C7089200FBC1AD /* Model */ = {
			isa = PBXGroup;
			children = (
				0155F5BA28C95AB3008E13B0 /* PageModel.swift */,
			);
			path = Model;
			sourceTree = "<group>";
		};
		01C550A928C708A600FBC1AD /* Data */ = {
			isa = PBXGroup;
			children = (
				0155F5BC28C95B03008E13B0 /* PageData.swift */,
			);
			path = Data;
			sourceTree = "<group>";
		};
/* End PBXGroup section */

/* Begin PBXNativeTarget section */
		01C5509428C705EC00FBC1AD /* Pinch&Zoom */ = {
			isa = PBXNativeTarget;
			buildConfigurationList = 01C550A328C705EE00FBC1AD /* Build configuration list for PBXNativeTarget "Pinch&Zoom" */;
			buildPhases = (
				01C5509128C705EC00FBC1AD /* Sources */,
				01C5509228C705EC00FBC1AD /* Frameworks */,
				01C5509328C705EC00FBC1AD /* Resources */,
			);
			buildRules = (
			);
			dependencies = (
			);
			name = "Pinch&Zoom";
			productName = "Pinch&Zoom";
			productReference = 01C5509528C705EC00FBC1AD /* Pinch&Zoom.app */;
			productType = "com.apple.product-type.application";
		};
/* End PBXNativeTarget section */

/* Begin PBXProject section */
		01C5508D28C705EC00FBC1AD /* Project object */ = {
			isa = PBXProject;
			attributes = {
				BuildIndependentTargetsInParallel = 1;
				LastSwiftUpdateCheck = 1340;
				LastUpgradeCheck = 1340;
				TargetAttributes = {
					01C5509428C705EC00FBC1AD = {
						CreatedOnToolsVersion = 13.4.1;
					};
				};
			};
			buildConfigurationList = 01C5509028C705EC00FBC1AD /* Build configuration list for PBXProject "Pinch&Zoom" */;
			compatibilityVersion = "Xcode 13.0";
			developmentRegion = en;
			hasScannedForEncodings = 0;
			knownRegions = (
				en,
				Base,
			);
			mainGroup = 01C5508C28C705EC00FBC1AD;
			productRefGroup = 01C5509628C705EC00FBC1AD /* Products */;
			projectDirPath = "";
			projectRoot = "";
			targets = (
				01C5509428C705EC00FBC1AD /* Pinch&Zoom */,
			);
		};
/* End PBXProject section */

/* Begin PBXResourcesBuildPhase section */
		01C5509328C705EC00FBC1AD /* Resources */ = {
			isa = PBXResourcesBuildPhase;
			buildActionMask = 2147483647;
			files = (
				01C550A028C705EE00FBC1AD /* Preview Assets.xcassets in Resources */,
				01C5509D28C705EE00FBC1AD /* Assets.xcassets in Resources */,
			);
			runOnlyForDeploymentPostprocessing = 0;
		};
/* End PBXResourcesBuildPhase section */

/* Begin PBXSourcesBuildPhase section */
		01C5509128C705EC00FBC1AD /* Sources */ = {
			isa = PBXSourcesBuildPhase;
			buildActionMask = 2147483647;
			files = (
				01C550AF28C818A000FBC1AD /* ControlImageView.swift in Sources */,
				0155F5BB28C95AB3008E13B0 /* PageModel.swift in Sources */,
				01C5509B28C705EC00FBC1AD /* ContentView.swift in Sources */,
				01C5509928C705EC00FBC1AD /* Pinch_ZoomApp.swift in Sources */,
				0155F5BD28C95B03008E13B0 /* PageData.swift in Sources */,
				01C550AD28C71E8900FBC1AD /* InfoPanelView.swift in Sources */,
			);
			runOnlyForDeploymentPostprocessing = 0;
		};
/* End PBXSourcesBuildPhase section */

/* Begin XCBuildConfiguration section */
		01C550A128C705EE00FBC1AD /* Debug */ = {
			isa = XCBuildConfiguration;
			buildSettings = {
				ALWAYS_SEARCH_USER_PATHS = NO;
				CLANG_ANALYZER_NONNULL = YES;
				CLANG_ANALYZER_NUMBER_OBJECT_CONVERSION = YES_AGGRESSIVE;
				CLANG_CXX_LANGUAGE_STANDARD = "gnu++17";
				CLANG_ENABLE_MODULES = YES;
				CLANG_ENABLE_OBJC_ARC = YES;
				CLANG_ENABLE_OBJC_WEAK = YES;
				CLANG_WARN_BLOCK_CAPTURE_AUTORELEASING = YES;
				CLANG_WARN_BOOL_CONVERSION = YES;
				CLANG_WARN_COMMA = YES;
				CLANG_WARN_CONSTANT_CONVERSION = YES;
				CLANG_WARN_DEPRECATED_OBJC_IMPLEMENTATIONS = YES;
				CLANG_WARN_DIRECT_OBJC_ISA_USAGE = YES_ERROR;
				CLANG_WARN_DOCUMENTATION_COMMENTS = YES;
				CLANG_WARN_EMPTY_BODY = YES;
				CLANG_WARN_ENUM_CONVERSION = YES;
				CLANG_WARN_INFINITE_RECURSION = YES;
				CLANG_WARN_INT_CONVERSION = YES;
				CLANG_WARN_NON_LITERAL_NULL_CONVERSION = YES;
				CLANG_WARN_OBJC_IMPLICIT_RETAIN_SELF = YES;
				CLANG_WARN_OBJC_LITERAL_CONVERSION = YES;
				CLANG_WARN_OBJC_ROOT_CLASS = YES_ERROR;
				CLANG_WARN_QUOTED_INCLUDE_IN_FRAMEWORK_HEADER = YES;
				CLANG_WARN_RANGE_LOOP_ANALYSIS = YES;
				CLANG_WARN_STRICT_PROTOTYPES = YES;
				CLANG_WARN_SUSPICIOUS_MOVE = YES;
				CLANG_WARN_UNGUARDED_AVAILABILITY = YES_AGGRESSIVE;
				CLANG_WARN_UNREACHABLE_CODE = YES;
				CLANG_WARN__DUPLICATE_METHOD_MATCH = YES;
				COPY_PHASE_STRIP = NO;
				DEBUG_INFORMATION_FORMAT = dwarf;
				ENABLE_STRICT_OBJC_MSGSEND = YES;
				ENABLE_TESTABILITY = YES;
				GCC_C_LANGUAGE_STANDARD = gnu11;
				GCC_DYNAMIC_NO_PIC = NO;
				GCC_NO_COMMON_BLOCKS = YES;
				GCC_OPTIMIZATION_LEVEL = 0;
				GCC_PREPROCESSOR_DEFINITIONS = (
					"DEBUG=1",
					"$(inherited)",
				);
				GCC_WARN_64_TO_32_BIT_CONVERSION = YES;
				GCC_WARN_ABOUT_RETURN_TYPE = YES_ERROR;
				GCC_WARN_UNDECLARED_SELECTOR = YES;
				GCC_WARN_UNINITIALIZED_AUTOS = YES_AGGRESSIVE;
				GCC_WARN_UNUSED_FUNCTION = YES;
				GCC_WARN_UNUSED_VARIABLE = YES;
				IPHONEOS_DEPLOYMENT_TARGET = 15.5;
				MTL_ENABLE_DEBUG_INFO = INCLUDE_SOURCE;
				MTL_FAST_MATH = YES;
				ONLY_ACTIVE_ARCH = YES;
				SDKROOT = iphoneos;
				SWIFT_ACTIVE_COMPILATION_CONDITIONS = DEBUG;
				SWIFT_OPTIMIZATION_LEVEL = "-Onone";
			};
			name = Debug;
		};
		01C550A228C705EE00FBC1AD /* Release */ = {
			isa = XCBuildConfiguration;
			buildSettings = {
				ALWAYS_SEARCH_USER_PATHS = NO;
				CLANG_ANALYZER_NONNULL = YES;
				CLANG_ANALYZER_NUMBER_OBJECT_CONVERSION = YES_AGGRESSIVE;
				CLANG_CXX_LANGUAGE_STANDARD = "gnu++17";
				CLANG_ENABLE_MODULES = YES;
				CLANG_ENABLE_OBJC_ARC = YES;
				CLANG_ENABLE_OBJC_WEAK = YES;
				CLANG_WARN_BLOCK_CAPTURE_AUTORELEASING = YES;
				CLANG_WARN_BOOL_CONVERSION = YES;
				CLANG_WARN_COMMA = YES;
				CLANG_WARN_CONSTANT_CONVERSION = YES;
				CLANG_WARN_DEPRECATED_OBJC_IMPLEMENTATIONS = YES;
				CLANG_WARN_DIRECT_OBJC_ISA_USAGE = YES_ERROR;
				CLANG_WARN_DOCUMENTATION_COMMENTS = YES;
				CLANG_WARN_EMPTY_BODY = YES;
				CLANG_WARN_ENUM_CONVERSION = YES;
				CLANG_WARN_INFINITE_RECURSION = YES;
				CLANG_WARN_INT_CONVERSION = YES;
				CLANG_WARN_NON_LITERAL_NULL_CONVERSION = YES;
				CLANG_WARN_OBJC_IMPLICIT_RETAIN_SELF = YES;
				CLANG_WARN_OBJC_LITERAL_CONVERSION = YES;
				CLANG_WARN_OBJC_ROOT_CLASS = YES_ERROR;
				CLANG_WARN_QUOTED_INCLUDE_IN_FRAMEWORK_HEADER = YES;
				CLANG_WARN_RANGE_LOOP_ANALYSIS = YES;
				CLANG_WARN_STRICT_PROTOTYPES = YES;
				CLANG_WARN_SUSPICIOUS_MOVE = YES;
				CLANG_WARN_UNGUARDED_AVAILABILITY = YES_AGGRESSIVE;
				CLANG_WARN_UNREACHABLE_CODE = YES;
				CLANG_WARN__DUPLICATE_METHOD_MATCH = YES;
				COPY_PHASE_STRIP = NO;
				DEBUG_INFORMATION_FORMAT = "dwarf-with-dsym";
				ENABLE_NS_ASSERTIONS = NO;
				ENABLE_STRICT_OBJC_MSGSEND = YES;
				GCC_C_LANGUAGE_STANDARD = gnu11;
				GCC_NO_COMMON_BLOCKS = YES;
				GCC_WARN_64_TO_32_BIT_CONVERSION = YES;
				GCC_WARN_ABOUT_RETURN_TYPE = YES_ERROR;
				GCC_WARN_UNDECLARED_SELECTOR = YES;
				GCC_WARN_UNINITIALIZED_AUTOS = YES_AGGRESSIVE;
				GCC_WARN_UNUSED_FUNCTION = YES;
				GCC_WARN_UNUSED_VARIABLE = YES;
				IPHONEOS_DEPLOYMENT_TARGET = 15.5;
				MTL_ENABLE_DEBUG_INFO = NO;
				MTL_FAST_MATH = YES;
				SDKROOT = iphoneos;
				SWIFT_COMPILATION_MODE = wholemodule;
				SWIFT_OPTIMIZATION_LEVEL = "-O";
				VALIDATE_PRODUCT = YES;
			};
			name = Release;
		};
		01C550A428C705EE00FBC1AD /* Debug */ = {
			isa = XCBuildConfiguration;
			buildSettings = {
				ASSETCATALOG_COMPILER_APPICON_NAME = AppIcon;
				ASSETCATALOG_COMPILER_GLOBAL_ACCENT_COLOR_NAME = AccentColor;
				CODE_SIGN_STYLE = Automatic;
				CURRENT_PROJECT_VERSION = 1;
				DEVELOPMENT_ASSET_PATHS = "\"Pinch&Zoom/Preview Content\"";
				DEVELOPMENT_TEAM = 86JD9D26N9;
				ENABLE_PREVIEWS = YES;
				GENERATE_INFOPLIST_FILE = YES;
				INFOPLIST_KEY_UIApplicationSceneManifest_Generation = YES;
				INFOPLIST_KEY_UIApplicationSupportsIndirectInputEvents = YES;
				INFOPLIST_KEY_UILaunchScreen_Generation = YES;
				INFOPLIST_KEY_UISupportedInterfaceOrientations = UIInterfaceOrientationPortrait;
				INFOPLIST_KEY_UISupportedInterfaceOrientations_iPad = "UIInterfaceOrientationPortrait UIInterfaceOrientationPortraitUpsideDown UIInterfaceOrientationLandscapeLeft UIInterfaceOrientationLandscapeRight";
				INFOPLIST_KEY_UISupportedInterfaceOrientations_iPhone = UIInterfaceOrientationPortrait;
				LD_RUNPATH_SEARCH_PATHS = (
					"$(inherited)",
					"@executable_path/Frameworks",
				);
				MARKETING_VERSION = 1.0;
				PRODUCT_BUNDLE_IDENTIFIER = "com.koseB.Pinch-Zoom";
				PRODUCT_NAME = "$(TARGET_NAME)";
				SWIFT_EMIT_LOC_STRINGS = YES;
				SWIFT_VERSION = 5.0;
				TARGETED_DEVICE_FAMILY = "1,2";
			};
			name = Debug;
		};
		01C550A528C705EE00FBC1AD /* Release */ = {
			isa = XCBuildConfiguration;
			buildSettings = {
				ASSETCATALOG_COMPILER_APPICON_NAME = AppIcon;
				ASSETCATALOG_COMPILER_GLOBAL_ACCENT_COLOR_NAME = AccentColor;
				CODE_SIGN_STYLE = Automatic;
				CURRENT_PROJECT_VERSION = 1;
				DEVELOPMENT_ASSET_PATHS = "\"Pinch&Zoom/Preview Content\"";
				DEVELOPMENT_TEAM = 86JD9D26N9;
				ENABLE_PREVIEWS = YES;
				GENERATE_INFOPLIST_FILE = YES;
				INFOPLIST_KEY_UIApplicationSceneManifest_Generation = YES;
				INFOPLIST_KEY_UIApplicationSupportsIndirectInputEvents = YES;
				INFOPLIST_KEY_UILaunchScreen_Generation = YES;
				INFOPLIST_KEY_UISupportedInterfaceOrientations = UIInterfaceOrientationPortrait;
				INFOPLIST_KEY_UISupportedInterfaceOrientations_iPad = "UIInterfaceOrientationPortrait UIInterfaceOrientationPortraitUpsideDown UIInterfaceOrientationLandscapeLeft UIInterfaceOrientationLandscapeRight";
				INFOPLIST_KEY_UISupportedInterfaceOrientations_iPhone = UIInterfaceOrientationPortrait;
				LD_RUNPATH_SEARCH_PATHS = (
					"$(inherited)",
					"@executable_path/Frameworks",
				);
				MARKETING_VERSION = 1.0;
				PRODUCT_BUNDLE_IDENTIFIER = "com.koseB.Pinch-Zoom";
				PRODUCT_NAME = "$(TARGET_NAME)";
				SWIFT_EMIT_LOC_STRINGS = YES;
				SWIFT_VERSION = 5.0;
				TARGETED_DEVICE_FAMILY = "1,2";
			};
			name = Release;
		};
/* End XCBuildConfiguration section */

/* Begin XCConfigurationList section */
		01C5509028C705EC00FBC1AD /* Build configuration list for PBXProject "Pinch&Zoom" */ = {
			isa = XCConfigurationList;
			buildConfigurations = (
				01C550A128C705EE00FBC1AD /* Debug */,
				01C550A228C705EE00FBC1AD /* Release */,
			);
			defaultConfigurationIsVisible = 0;
			defaultConfigurationName = Release;
		};
		01C550A328C705EE00FBC1AD /* Build configuration list for PBXNativeTarget "Pinch&Zoom" */ = {
			isa = XCConfigurationList;
			buildConfigurations = (
				01C550A428C705EE00FBC1AD /* Debug */,
				01C550A528C705EE00FBC1AD /* Release */,
			);
			defaultConfigurationIsVisible = 0;
			defaultConfigurationName = Release;
		};
/* End XCConfigurationList section */
	};
	rootObject = 01C5508D28C705EC00FBC1AD /* Project object */;
}
